// !$*UTF8*$!
{
	archiveVersion = 1;
	classes = {
	};
	objectVersion = 50;
	objects = {

/* Begin PBXBuildFile section */
		07A4F3A52460FBE800F3FB58 /* AppDelegate.swift in Sources */ = {isa = PBXBuildFile; fileRef = 07A4F3A42460FBE800F3FB58 /* AppDelegate.swift */; };
		07A4F3A72460FBE800F3FB58 /* SceneDelegate.swift in Sources */ = {isa = PBXBuildFile; fileRef = 07A4F3A62460FBE800F3FB58 /* SceneDelegate.swift */; };
		07A4F3A92460FBE800F3FB58 /* ViewController.swift in Sources */ = {isa = PBXBuildFile; fileRef = 07A4F3A82460FBE800F3FB58 /* ViewController.swift */; };
		07A4F3AC2460FBE800F3FB58 /* Main.storyboard in Resources */ = {isa = PBXBuildFile; fileRef = 07A4F3AA2460FBE800F3FB58 /* Main.storyboard */; };
		07A4F3AE2460FBEC00F3FB58 /* Assets.xcassets in Resources */ = {isa = PBXBuildFile; fileRef = 07A4F3AD2460FBEC00F3FB58 /* Assets.xcassets */; };
		07A4F3B12460FBED00F3FB58 /* LaunchScreen.storyboard in Resources */ = {isa = PBXBuildFile; fileRef = 07A4F3AF2460FBED00F3FB58 /* LaunchScreen.storyboard */; };
/* End PBXBuildFile section */

/* Begin PBXFileReference section */
		07A4F3A12460FBE800F3FB58 /* ImageCollectionView.app */ = {isa = PBXFileReference; explicitFileType = wrapper.application; includeInIndex = 0; path = ImageCollectionView.app; sourceTree = BUILT_PRODUCTS_DIR; };
		07A4F3A42460FBE800F3FB58 /* AppDelegate.swift */ = {isa = PBXFileReference; lastKnownFileType = sourcecode.swift; path = AppDelegate.swift; sourceTree = "<group>"; };
		07A4F3A62460FBE800F3FB58 /* SceneDelegate.swift */ = {isa = PBXFileReference; lastKnownFileType = sourcecode.swift; path = SceneDelegate.swift; sourceTree = "<group>"; };
		07A4F3A82460FBE800F3FB58 /* ViewController.swift */ = {isa = PBXFileReference; lastKnownFileType = sourcecode.swift; path = ViewController.swift; sourceTree = "<group>"; };
		07A4F3AB2460FBE800F3FB58 /* Base */ = {isa = PBXFileReference; lastKnownFileType = file.storyboard; name = Base; path = Base.lproj/Main.storyboard; sourceTree = "<group>"; };
		07A4F3AD2460FBEC00F3FB58 /* Assets.xcassets */ = {isa = PBXFileReference; lastKnownFileType = folder.assetcatalog; path = Assets.xcassets; sourceTree = "<group>"; };
		07A4F3B02460FBED00F3FB58 /* Base */ = {isa = PBXFileReference; lastKnownFileType = file.storyboard; name = Base; path = Base.lproj/LaunchScreen.storyboard; sourceTree = "<group>"; };
		07A4F3B22460FBED00F3FB58 /* Info.plist */ = {isa = PBXFileReference; lastKnownFileType = text.plist.xml; path = Info.plist; sourceTree = "<group>"; };
/* End PBXFileReference section */

/* Begin PBXFrameworksBuildPhase section */
		07A4F39E2460FBE800F3FB58 /* Frameworks */ = {
			isa = PBXFrameworksBuildPhase;
			buildActionMask = 2147483647;
			files = (
			);
			runOnlyForDeploymentPostprocessing = 0;
		};
/* End PBXFrameworksBuildPhase section */

/* Begin PBXGroup section */
		07A4F3982460FBE800F3FB58 = {
			isa = PBXGroup;
			children = (
				07A4F3A32460FBE800F3FB58 /* ImageCollectionView */,
				07A4F3A22460FBE800F3FB58 /* Products */,
			);
			sourceTree = "<group>";
		};
		07A4F3A22460FBE800F3FB58 /* Products */ = {
			isa = PBXGroup;
			children = (
				07A4F3A12460FBE800F3FB58 /* ImageCollectionView.app */,
			);
			name = Products;
			sourceTree = "<group>";
		};
		07A4F3A32460FBE800F3FB58 /* ImageCollectionView */ = {
			isa = PBXGroup;
			children = (
				07A4F3A42460FBE800F3FB58 /* AppDelegate.swift */,
				07A4F3A62460FBE800F3FB58 /* SceneDelegate.swift */,
				07A4F3A82460FBE800F3FB58 /* ViewController.swift */,
				07A4F3AA2460FBE800F3FB58 /* Main.storyboard */,
				07A4F3AD2460FBEC00F3FB58 /* Assets.xcassets */,
				07A4F3AF2460FBED00F3FB58 /* LaunchScreen.storyboard */,
				07A4F3B22460FBED00F3FB58 /* Info.plist */,
			);
			path = ImageCollectionView;
			sourceTree = "<group>";
		};
/* End PBXGroup section */

/* Begin PBXNativeTarget section */
		07A4F3A02460FBE800F3FB58 /* ImageCollectionView */ = {
			isa = PBXNativeTarget;
			buildConfigurationList = 07A4F3B52460FBED00F3FB58 /* Build configuration list for PBXNativeTarget "ImageCollectionView" */;
			buildPhases = (
				07A4F39D2460FBE800F3FB58 /* Sources */,
				07A4F39E2460FBE800F3FB58 /* Frameworks */,
				07A4F39F2460FBE800F3FB58 /* Resources */,
			);
			buildRules = (
			);
			dependencies = (
			);
			name = ImageCollectionView;
			productName = ImageCollectionView;
			productReference = 07A4F3A12460FBE800F3FB58 /* ImageCollectionView.app */;
			productType = "com.apple.product-type.application";
		};
/* End PBXNativeTarget section */

/* Begin PBXProject section */
		07A4F3992460FBE800F3FB58 /* Project object */ = {
			isa = PBXProject;
			attributes = {
				LastSwiftUpdateCheck = 1130;
				LastUpgradeCheck = 1130;
				ORGANIZATIONNAME = "Aakash Adhikari";
				TargetAttributes = {
					07A4F3A02460FBE800F3FB58 = {
						CreatedOnToolsVersion = 11.3.1;
					};
				};
			};
			buildConfigurationList = 07A4F39C2460FBE800F3FB58 /* Build configuration list for PBXProject "ImageCollectionView" */;
			compatibilityVersion = "Xcode 9.3";
			developmentRegion = en;
			hasScannedForEncodings = 0;
			knownRegions = (
				en,
				Base,
			);
			mainGroup = 07A4F3982460FBE800F3FB58;
			productRefGroup = 07A4F3A22460FBE800F3FB58 /* Products */;
			projectDirPath = "";
			projectRoot = "";
			targets = (
				07A4F3A02460FBE800F3FB58 /* ImageCollectionView */,
			);
		};
/* End PBXProject section */

/* Begin PBXResourcesBuildPhase section */
		07A4F39F2460FBE800F3FB58 /* Resources */ = {
			isa = PBXResourcesBuildPhase;
			buildActionMask = 2147483647;
			files = (
				07A4F3B12460FBED00F3FB58 /* LaunchScreen.storyboard in Resources */,
				07A4F3AE2460FBEC00F3FB58 /* Assets.xcassets in Resources */,
				07A4F3AC2460FBE800F3FB58 /* Main.storyboard in Resources */,
			);
			runOnlyForDeploymentPostprocessing = 0;
		};
/* End PBXResourcesBuildPhase section */

/* Begin PBXSourcesBuildPhase section */
		07A4F39D2460FBE800F3FB58 /* Sources */ = {
			isa = PBXSourcesBuildPhase;
			buildActionMask = 2147483647;
			files = (
				07A4F3A92460FBE800F3FB58 /* ViewController.swift in Sources */,
				07A4F3A52460FBE800F3FB58 /* AppDelegate.swift in Sources */,
				07A4F3A72460FBE800F3FB58 /* SceneDelegate.swift in Sources */,
			);
			runOnlyForDeploymentPostprocessing = 0;
		};
/* End PBXSourcesBuildPhase section */

/* Begin PBXVariantGroup section */
		07A4F3AA2460FBE800F3FB58 /* Main.storyboard */ = {
			isa = PBXVariantGroup;
			children = (
				07A4F3AB2460FBE800F3FB58 /* Base */,
			);
			name = Main.storyboard;
			sourceTree = "<group>";
		};
		07A4F3AF2460FBED00F3FB58 /* LaunchScreen.storyboard */ = {
			isa = PBXVariantGroup;
			children = (
				07A4F3B02460FBED00F3FB58 /* Base */,
			);
			name = LaunchScreen.storyboard;
			sourceTree = "<group>";
		};
/* End PBXVariantGroup section */

/* Begin XCBuildConfiguration section */
		07A4F3B32460FBED00F3FB58 /* Debug */ = {
			isa = XCBuildConfiguration;
			buildSettings = {
				ALWAYS_SEARCH_USER_PATHS = NO;
				CLANG_ANALYZER_NONNULL = YES;
				CLANG_ANALYZER_NUMBER_OBJECT_CONVERSION = YES_AGGRESSIVE;
				CLANG_CXX_LANGUAGE_STANDARD = "gnu++14";
				CLANG_CXX_LIBRARY = "libc++";
				CLANG_ENABLE_MODULES = YES;
				CLANG_ENABLE_OBJC_ARC = YES;
				CLANG_ENABLE_OBJC_WEAK = YES;
				CLANG_WARN_BLOCK_CAPTURE_AUTORELEASING = YES;
				CLANG_WARN_BOOL_CONVERSION = YES;
				CLANG_WARN_COMMA = YES;
				CLANG_WARN_CONSTANT_CONVERSION = YES;
				CLANG_WARN_DEPRECATED_OBJC_IMPLEMENTATIONS = YES;
				CLANG_WARN_DIRECT_OBJC_ISA_USAGE = YES_ERROR;
				CLANG_WARN_DOCUMENTATION_COMMENTS = YES;
				CLANG_WARN_EMPTY_BODY = YES;
				CLANG_WARN_ENUM_CONVERSION = YES;
				CLANG_WARN_INFINITE_RECURSION = YES;
				CLANG_WARN_INT_CONVERSION = YES;
				CLANG_WARN_NON_LITERAL_NULL_CONVERSION = YES;
				CLANG_WARN_OBJC_IMPLICIT_RETAIN_SELF = YES;
				CLANG_WARN_OBJC_LITERAL_CONVERSION = YES;
				CLANG_WARN_OBJC_ROOT_CLASS = YES_ERROR;
				CLANG_WARN_RANGE_LOOP_ANALYSIS = YES;
				CLANG_WARN_STRICT_PROTOTYPES = YES;
				CLANG_WARN_SUSPICIOUS_MOVE = YES;
				CLANG_WARN_UNGUARDED_AVAILABILITY = YES_AGGRESSIVE;
				CLANG_WARN_UNREACHABLE_CODE = YES;
				CLANG_WARN__DUPLICATE_METHOD_MATCH = YES;
				COPY_PHASE_STRIP = NO;
				DEBUG_INFORMATION_FORMAT = dwarf;
				ENABLE_STRICT_OBJC_MSGSEND = YES;
				ENABLE_TESTABILITY = YES;
				GCC_C_LANGUAGE_STANDARD = gnu11;
				GCC_DYNAMIC_NO_PIC = NO;
				GCC_NO_COMMON_BLOCKS = YES;
				GCC_OPTIMIZATION_LEVEL = 0;
				GCC_PREPROCESSOR_DEFINITIONS = (
					"DEBUG=1",
					"$(inherited)",
				);
				GCC_WARN_64_TO_32_BIT_CONVERSION = YES;
				GCC_WARN_ABOUT_RETURN_TYPE = YES_ERROR;
				GCC_WARN_UNDECLARED_SELECTOR = YES;
				GCC_WARN_UNINITIALIZED_AUTOS = YES_AGGRESSIVE;
				GCC_WARN_UNUSED_FUNCTION = YES;
				GCC_WARN_UNUSED_VARIABLE = YES;
				IPHONEOS_DEPLOYMENT_TARGET = 13.2;
				MTL_ENABLE_DEBUG_INFO = INCLUDE_SOURCE;
				MTL_FAST_MATH = YES;
				ONLY_ACTIVE_ARCH = YES;
				SDKROOT = iphoneos;
				SWIFT_ACTIVE_COMPILATION_CONDITIONS = DEBUG;
				SWIFT_OPTIMIZATION_LEVEL = "-Onone";
			};
			name = Debug;
		};
		07A4F3B42460FBED00F3FB58 /* Release */ = {
			isa = XCBuildConfiguration;
			buildSettings = {
				ALWAYS_SEARCH_USER_PATHS = NO;
				CLANG_ANALYZER_NONNULL = YES;
				CLANG_ANALYZER_NUMBER_OBJECT_CONVERSION = YES_AGGRESSIVE;
				CLANG_CXX_LANGUAGE_STANDARD = "gnu++14";
				CLANG_CXX_LIBRARY = "libc++";
				CLANG_ENABLE_MODULES = YES;
				CLANG_ENABLE_OBJC_ARC = YES;
				CLANG_ENABLE_OBJC_WEAK = YES;
				CLANG_WARN_BLOCK_CAPTURE_AUTORELEASING = YES;
				CLANG_WARN_BOOL_CONVERSION = YES;
				CLANG_WARN_COMMA = YES;
				CLANG_WARN_CONSTANT_CONVERSION = YES;
				CLANG_WARN_DEPRECATED_OBJC_IMPLEMENTATIONS = YES;
				CLANG_WARN_DIRECT_OBJC_ISA_USAGE = YES_ERROR;
				CLANG_WARN_DOCUMENTATION_COMMENTS = YES;
				CLANG_WARN_EMPTY_BODY = YES;
				CLANG_WARN_ENUM_CONVERSION = YES;
				CLANG_WARN_INFINITE_RECURSION = YES;
				CLANG_WARN_INT_CONVERSION = YES;
				CLANG_WARN_NON_LITERAL_NULL_CONVERSION = YES;
				CLANG_WARN_OBJC_IMPLICIT_RETAIN_SELF = YES;
				CLANG_WARN_OBJC_LITERAL_CONVERSION = YES;
				CLANG_WARN_OBJC_ROOT_CLASS = YES_ERROR;
				CLANG_WARN_RANGE_LOOP_ANALYSIS = YES;
				CLANG_WARN_STRICT_PROTOTYPES = YES;
				CLANG_WARN_SUSPICIOUS_MOVE = YES;
				CLANG_WARN_UNGUARDED_AVAILABILITY = YES_AGGRESSIVE;
				CLANG_WARN_UNREACHABLE_CODE = YES;
				CLANG_WARN__DUPLICATE_METHOD_MATCH = YES;
				COPY_PHASE_STRIP = NO;
				DEBUG_INFORMATION_FORMAT = "dwarf-with-dsym";
				ENABLE_NS_ASSERTIONS = NO;
				ENABLE_STRICT_OBJC_MSGSEND = YES;
				GCC_C_LANGUAGE_STANDARD = gnu11;
				GCC_NO_COMMON_BLOCKS = YES;
				GCC_WARN_64_TO_32_BIT_CONVERSION = YES;
				GCC_WARN_ABOUT_RETURN_TYPE = YES_ERROR;
				GCC_WARN_UNDECLARED_SELECTOR = YES;
				GCC_WARN_UNINITIALIZED_AUTOS = YES_AGGRESSIVE;
				GCC_WARN_UNUSED_FUNCTION = YES;
				GCC_WARN_UNUSED_VARIABLE = YES;
				IPHONEOS_DEPLOYMENT_TARGET = 13.2;
				MTL_ENABLE_DEBUG_INFO = NO;
				MTL_FAST_MATH = YES;
				SDKROOT = iphoneos;
				SWIFT_COMPILATION_MODE = wholemodule;
				SWIFT_OPTIMIZATION_LEVEL = "-O";
				VALIDATE_PRODUCT = YES;
			};
			name = Release;
		};
		07A4F3B62460FBED00F3FB58 /* Debug */ = {
			isa = XCBuildConfiguration;
			buildSettings = {
				ASSETCATALOG_COMPILER_APPICON_NAME = AppIcon;
				CODE_SIGN_STYLE = Automatic;
				DEVELOPMENT_TEAM = 8N8JFHRVG7;
				INFOPLIST_FILE = ImageCollectionView/Info.plist;
				LD_RUNPATH_SEARCH_PATHS = (
					"$(inherited)",
					"@executable_path/Frameworks",
				);
				PRODUCT_BUNDLE_IDENTIFIER = aakash.ImageCollectionView;
				PRODUCT_NAME = "$(TARGET_NAME)";
				SWIFT_VERSION = 5.0;
				TARGETED_DEVICE_FAMILY = "1,2";
			};
			name = Debug;
		};
		07A4F3B72460FBED00F3FB58 /* Release */ = {
			isa = XCBuildConfiguration;
			buildSettings = {
				ASSETCATALOG_COMPILER_APPICON_NAME = AppIcon;
				CODE_SIGN_STYLE = Automatic;
				DEVELOPMENT_TEAM = 8N8JFHRVG7;
				INFOPLIST_FILE = ImageCollectionView/Info.plist;
				LD_RUNPATH_SEARCH_PATHS = (
					"$(inherited)",
					"@executable_path/Frameworks",
				);
				PRODUCT_BUNDLE_IDENTIFIER = aakash.ImageCollectionView;
				PRODUCT_NAME = "$(TARGET_NAME)";
				SWIFT_VERSION = 5.0;
				TARGETED_DEVICE_FAMILY = "1,2";
			};
			name = Release;
		};
/* End XCBuildConfiguration section */

/* Begin XCConfigurationList section */
		07A4F39C2460FBE800F3FB58 /* Build configuration list for PBXProject "ImageCollectionView" */ = {
			isa = XCConfigurationList;
			buildConfigurations = (
				07A4F3B32460FBED00F3FB58 /* Debug */,
				07A4F3B42460FBED00F3FB58 /* Release */,
			);
			defaultConfigurationIsVisible = 0;
			defaultConfigurationName = Release;
		};
		07A4F3B52460FBED00F3FB58 /* Build configuration list for PBXNativeTarget "ImageCollectionView" */ = {
			isa = XCConfigurationList;
			buildConfigurations = (
				07A4F3B62460FBED00F3FB58 /* Debug */,
				07A4F3B72460FBED00F3FB58 /* Release */,
			);
			defaultConfigurationIsVisible = 0;
			defaultConfigurationName = Release;
		};
/* End XCConfigurationList section */
	};
	rootObject = 07A4F3992460FBE800F3FB58 /* Project object */;
}
